{
  "requires": true,
  "lockfileVersion": 1,
  "dependencies": {
    "vue-trend-chart": {
      "version": "0.15.1",
      "resolved": "https://registry.npmjs.org/vue-trend-chart/-/vue-trend-chart-0.15.1.tgz",
      "integrity": "sha512-0C3uUFgOgVBgcc3ofo4e8xgvxoECHEOM8hJkr2hyrhagMn0LWF2N5/ArK+ghXu8zwUIiB6LnkFZvBZdkTh7IJg=="
    }
  }
}
